{
  "version": 4,
  "terraform_version": "1.5.7",
  "serial": 1,
  "lineage": "391d34ac-d08a-d284-8adb-918cf8381496",
  "outputs": {},
  "resources": [
    {
      "mode": "managed",
      "type": "local_file",
      "name": "vinayak",
      "provider": "provider[\"registry.terraform.io/hashicorp/local\"]",
      "instances": [
        {
          "schema_version": 0,
          "attributes": {
            "content": "This file is created by Vinayak using terraform",
            "content_base64": null,
            "content_base64sha256": "NBODAPECAN4hkdyn2PCohuHxGuy25VC4rINxdKd7jVc=",
            "content_base64sha512": "QBB4nXPWHwza9OCZFKHajX8RpoY3rUByo8y/kzJW7hqoXwBW9QfxTxEZwDMmjSf0maAU2asV3+hDd7fAiH1trA==",
            "content_md5": "2c9cf6b5be1f5cbb20628a7cbcb57e73",
            "content_sha1": "407edcf1484d4685eac04b1b3fd2d3b64995bd0e",
            "content_sha256": "34138300f10200de2191dca7d8f0a886e1f11aecb6e550b8ac837174a77b8d57",
            "content_sha512": "4010789d73d61f0cdaf4e09914a1da8d7f11a68637ad4072a3ccbf933256ee1aa85f0056f507f14f1119c033268d27f499a014d9ab15dfe84377b7c0887d6dac",
            "directory_permission": "0777",
            "file_permission": "0777",
            "filename": "./vin-test-file.txt",
            "id": "407edcf1484d4685eac04b1b3fd2d3b64995bd0e",
            "sensitive_content": null,
            "source": null
          },
          "sensitive_attributes": []
        }
      ]
    }
  ],
  "check_results": null
}
